
Microsoft Visual Studio Solution File, Format Version 12.00
# Visual Studio Version 17
VisualStudioVersion = 17.5.33424.131
MinimumVisualStudioVersion = 10.0.40219.1
Project("{FAE04EC0-301F-11D3-BF4B-00C04F79EFBC}") = "Poc.UserApi", "Poc.UserApi\Poc.UserApi.csproj", "{F1838D42-1069-4F6C-90BA-77522A24065E}"
EndProject
Project("{FAE04EC0-301F-11D3-BF4B-00C04F79EFBC}") = "Poc.UserDomain", "Poc.UserDomain\Poc.UserDomain.csproj", "{88DD6E3A-9DB5-4F75-83C0-034B26015316}"
EndProject
Global
	GlobalSection(SolutionConfigurationPlatforms) = preSolution
		Debug|Any CPU = Debug|Any CPU
		Release|Any CPU = Release|Any CPU
	EndGlobalSection
	GlobalSection(ProjectConfigurationPlatforms) = postSolution
		{F1838D42-1069-4F6C-90BA-77522A24065E}.Debug|Any CPU.ActiveCfg = Debug|Any CPU
		{F1838D42-1069-4F6C-90BA-77522A24065E}.Debug|Any CPU.Build.0 = Debug|Any CPU
		{F1838D42-1069-4F6C-90BA-77522A24065E}.Release|Any CPU.ActiveCfg = Release|Any CPU
		{F1838D42-1069-4F6C-90BA-77522A24065E}.Release|Any CPU.Build.0 = Release|Any CPU
		{88DD6E3A-9DB5-4F75-83C0-034B26015316}.Debug|Any CPU.ActiveCfg = Debug|Any CPU
		{88DD6E3A-9DB5-4F75-83C0-034B26015316}.Debug|Any CPU.Build.0 = Debug|Any CPU
		{88DD6E3A-9DB5-4F75-83C0-034B26015316}.Release|Any CPU.ActiveCfg = Release|Any CPU
		{88DD6E3A-9DB5-4F75-83C0-034B26015316}.Release|Any CPU.Build.0 = Release|Any CPU
	EndGlobalSection
	GlobalSection(SolutionProperties) = preSolution
		HideSolutionNode = FALSE
	EndGlobalSection
	GlobalSection(ExtensibilityGlobals) = postSolution
		SolutionGuid = {EB28A111-710D-4331-943A-6286B035987B}
	EndGlobalSection
EndGlobal
